{
  "name": "HopAwayWeb",
  "lockfileVersion": 3,
  "requires": true,
  "packages": {
    "": {
      "dependencies": {
        "@googlemaps/markermanager": "^1.0.29"
      }
    },
    "node_modules/@googlemaps/markermanager": {
      "version": "1.0.29",
      "resolved": "https://registry.npmjs.org/@googlemaps/markermanager/-/markermanager-1.0.29.tgz",
      "integrity": "sha512-t3NjqxYeEUmMBiSwx76MlBLk9Wi+liulI9Ph2XbixfT/Fyg6WOFwTORmlb1qMYwl5teGri9448LV2Wte7VAk1Q=="
    }
  }
}
